
Microsoft Visual Studio Solution File, Format Version 12.00
# Visual Studio Version 16
VisualStudioVersion = 16.0.28803.352
MinimumVisualStudioVersion = 10.0.40219.1
Project("{9A19103F-16F7-4668-BE54-9A1E7A4F7556}") = "botbuilder-slack-adapter", "botbuilder-slack-adapter\botbuilder-slack-adapter.csproj", "{E2B0D367-41B9-406E-90A8-89C7648A926A}"
EndProject
Project("{FAE04EC0-301F-11D3-BF4B-00C04F79EFBC}") = "Microsoft.BotKit", "Microsoft.BotKit\Microsoft.BotKit.csproj", "{9A57B26C-9725-4A25-89FE-760B657E4F61}"
EndProject
Global
	GlobalSection(SolutionConfigurationPlatforms) = preSolution
		Debug|Any CPU = Debug|Any CPU
		Release|Any CPU = Release|Any CPU
	EndGlobalSection
	GlobalSection(ProjectConfigurationPlatforms) = postSolution
		{E2B0D367-41B9-406E-90A8-89C7648A926A}.Debug|Any CPU.ActiveCfg = Debug|Any CPU
		{E2B0D367-41B9-406E-90A8-89C7648A926A}.Debug|Any CPU.Build.0 = Debug|Any CPU
		{E2B0D367-41B9-406E-90A8-89C7648A926A}.Release|Any CPU.ActiveCfg = Release|Any CPU
		{E2B0D367-41B9-406E-90A8-89C7648A926A}.Release|Any CPU.Build.0 = Release|Any CPU
		{9A57B26C-9725-4A25-89FE-760B657E4F61}.Debug|Any CPU.ActiveCfg = Debug|Any CPU
		{9A57B26C-9725-4A25-89FE-760B657E4F61}.Debug|Any CPU.Build.0 = Debug|Any CPU
		{9A57B26C-9725-4A25-89FE-760B657E4F61}.Release|Any CPU.ActiveCfg = Release|Any CPU
		{9A57B26C-9725-4A25-89FE-760B657E4F61}.Release|Any CPU.Build.0 = Release|Any CPU
	EndGlobalSection
	GlobalSection(SolutionProperties) = preSolution
		HideSolutionNode = FALSE
	EndGlobalSection
	GlobalSection(ExtensibilityGlobals) = postSolution
		SolutionGuid = {A8452F68-15BE-4C19-ABF2-1764252E8B10}
	EndGlobalSection
EndGlobal
